
Microsoft Visual Studio Solution File, Format Version 12.00
# Visual Studio 14
VisualStudioVersion = 14.0.25420.1
MinimumVisualStudioVersion = 10.0.40219.1
Project("{FAE04EC0-301F-11D3-BF4B-00C04F79EFBC}") = "PetHealthAssistantProject", "PetHealthAssistantProject\PetHealthAssistantProject.csproj", "{E5282601-AF2E-4C68-8441-F535FD102853}"
EndProject
Project("{FAE04EC0-301F-11D3-BF4B-00C04F79EFBC}") = "PetHealthAssistantProject.Tests", "PetHealthAssistantProject.Tests\PetHealthAssistantProject.Tests.csproj", "{F28C6A49-6B96-4558-86AA-FB5B444DC3D7}"
EndProject
Global
	GlobalSection(SolutionConfigurationPlatforms) = preSolution
		Debug|Any CPU = Debug|Any CPU
		Release|Any CPU = Release|Any CPU
	EndGlobalSection
	GlobalSection(ProjectConfigurationPlatforms) = postSolution
		{E5282601-AF2E-4C68-8441-F535FD102853}.Debug|Any CPU.ActiveCfg = Debug|Any CPU
		{E5282601-AF2E-4C68-8441-F535FD102853}.Debug|Any CPU.Build.0 = Debug|Any CPU
		{E5282601-AF2E-4C68-8441-F535FD102853}.Release|Any CPU.ActiveCfg = Release|Any CPU
		{E5282601-AF2E-4C68-8441-F535FD102853}.Release|Any CPU.Build.0 = Release|Any CPU
		{F28C6A49-6B96-4558-86AA-FB5B444DC3D7}.Debug|Any CPU.ActiveCfg = Debug|Any CPU
		{F28C6A49-6B96-4558-86AA-FB5B444DC3D7}.Debug|Any CPU.Build.0 = Debug|Any CPU
		{F28C6A49-6B96-4558-86AA-FB5B444DC3D7}.Release|Any CPU.ActiveCfg = Release|Any CPU
		{F28C6A49-6B96-4558-86AA-FB5B444DC3D7}.Release|Any CPU.Build.0 = Release|Any CPU
	EndGlobalSection
	GlobalSection(SolutionProperties) = preSolution
		HideSolutionNode = FALSE
	EndGlobalSection
EndGlobal
